{
  "object": {
    "pins": [
      {
        "package": "mbedTLS",
        "repositoryURL": "https://github.com/siddarthgandhi/mbedTLS.git",
        "state": {
          "branch": "master",
          "revision": "2d6e8466c15e10d8081bb26053d1e82c5a99e39f",
          "version": null
        }
      }
    ]
  },
  "version": 1
}
